
Microsoft Visual Studio Solution File, Format Version 12.00
# Visual Studio Version 17
VisualStudioVersion = 17.7.34202.233
MinimumVisualStudioVersion = 10.0.40219.1
Project("{2150E333-8FDC-42A3-9474-1A3956D46DE8}") = "Querying", "Querying", "{44F1D95E-F174-4676-8C14-D02B5E0DA764}"
EndProject
Project("{9A19103F-16F7-4668-BE54-9A1E7A4F7556}") = "QueryingIssues.EF7", "QueryingIssues\QueryingIssues.EF7.csproj", "{3B3EF0D2-E8AC-453E-BA4D-9BEC27C000B1}"
EndProject
Project("{9A19103F-16F7-4668-BE54-9A1E7A4F7556}") = "Logging", "Logging\Logging.csproj", "{2A4A63A3-BFC8-4D45-83AD-7F34CF694418}"
EndProject
Project("{9A19103F-16F7-4668-BE54-9A1E7A4F7556}") = "QueryingIssues.EF3.1", "QueryingIssues.EF3.1\QueryingIssues.EF3.1.csproj", "{3A87659F-A062-463B-BD4C-55698E97218C}"
EndProject
Project("{2150E333-8FDC-42A3-9474-1A3956D46DE8}") = "Modeling", "Modeling", "{C26EED4D-8A79-48DF-BCB9-C18D60D0AD00}"
EndProject
Project("{9A19103F-16F7-4668-BE54-9A1E7A4F7556}") = "BackingFields.ComputedField.EF8", "Modeling\BackingFields.ComputedField.EF8\BackingFields.ComputedField.EF8.csproj", "{827AF654-2E14-49A8-A570-F6F80DA51F4C}"
EndProject
Project("{9A19103F-16F7-4668-BE54-9A1E7A4F7556}") = "ExcludedProperties.EF8", "Modeling\ExcludedProperties.EF8\ExcludedProperties.EF8.csproj", "{10D91598-563B-4771-BBCD-316199C1D243}"
EndProject
Global
	GlobalSection(SolutionConfigurationPlatforms) = preSolution
		Debug|Any CPU = Debug|Any CPU
		Release|Any CPU = Release|Any CPU
	EndGlobalSection
	GlobalSection(ProjectConfigurationPlatforms) = postSolution
		{3B3EF0D2-E8AC-453E-BA4D-9BEC27C000B1}.Debug|Any CPU.ActiveCfg = Debug|Any CPU
		{3B3EF0D2-E8AC-453E-BA4D-9BEC27C000B1}.Debug|Any CPU.Build.0 = Debug|Any CPU
		{3B3EF0D2-E8AC-453E-BA4D-9BEC27C000B1}.Release|Any CPU.ActiveCfg = Release|Any CPU
		{3B3EF0D2-E8AC-453E-BA4D-9BEC27C000B1}.Release|Any CPU.Build.0 = Release|Any CPU
		{2A4A63A3-BFC8-4D45-83AD-7F34CF694418}.Debug|Any CPU.ActiveCfg = Debug|Any CPU
		{2A4A63A3-BFC8-4D45-83AD-7F34CF694418}.Debug|Any CPU.Build.0 = Debug|Any CPU
		{2A4A63A3-BFC8-4D45-83AD-7F34CF694418}.Release|Any CPU.ActiveCfg = Release|Any CPU
		{2A4A63A3-BFC8-4D45-83AD-7F34CF694418}.Release|Any CPU.Build.0 = Release|Any CPU
		{3A87659F-A062-463B-BD4C-55698E97218C}.Debug|Any CPU.ActiveCfg = Debug|Any CPU
		{3A87659F-A062-463B-BD4C-55698E97218C}.Debug|Any CPU.Build.0 = Debug|Any CPU
		{3A87659F-A062-463B-BD4C-55698E97218C}.Release|Any CPU.ActiveCfg = Release|Any CPU
		{3A87659F-A062-463B-BD4C-55698E97218C}.Release|Any CPU.Build.0 = Release|Any CPU
		{827AF654-2E14-49A8-A570-F6F80DA51F4C}.Debug|Any CPU.ActiveCfg = Debug|Any CPU
		{827AF654-2E14-49A8-A570-F6F80DA51F4C}.Debug|Any CPU.Build.0 = Debug|Any CPU
		{827AF654-2E14-49A8-A570-F6F80DA51F4C}.Release|Any CPU.ActiveCfg = Release|Any CPU
		{827AF654-2E14-49A8-A570-F6F80DA51F4C}.Release|Any CPU.Build.0 = Release|Any CPU
		{10D91598-563B-4771-BBCD-316199C1D243}.Debug|Any CPU.ActiveCfg = Debug|Any CPU
		{10D91598-563B-4771-BBCD-316199C1D243}.Debug|Any CPU.Build.0 = Debug|Any CPU
		{10D91598-563B-4771-BBCD-316199C1D243}.Release|Any CPU.ActiveCfg = Release|Any CPU
		{10D91598-563B-4771-BBCD-316199C1D243}.Release|Any CPU.Build.0 = Release|Any CPU
	EndGlobalSection
	GlobalSection(SolutionProperties) = preSolution
		HideSolutionNode = FALSE
	EndGlobalSection
	GlobalSection(NestedProjects) = preSolution
		{3B3EF0D2-E8AC-453E-BA4D-9BEC27C000B1} = {44F1D95E-F174-4676-8C14-D02B5E0DA764}
		{2A4A63A3-BFC8-4D45-83AD-7F34CF694418} = {44F1D95E-F174-4676-8C14-D02B5E0DA764}
		{3A87659F-A062-463B-BD4C-55698E97218C} = {44F1D95E-F174-4676-8C14-D02B5E0DA764}
		{827AF654-2E14-49A8-A570-F6F80DA51F4C} = {C26EED4D-8A79-48DF-BCB9-C18D60D0AD00}
		{10D91598-563B-4771-BBCD-316199C1D243} = {C26EED4D-8A79-48DF-BCB9-C18D60D0AD00}
	EndGlobalSection
	GlobalSection(ExtensibilityGlobals) = postSolution
		SolutionGuid = {512678AA-D8DE-42B9-9E6F-45A28E1EC6CD}
	EndGlobalSection
EndGlobal
